Microsoft Visual Studio Solution File, Format Version 12.00
# Visual Studio Version 17
VisualStudioVersion = 17.5.33627.172
MinimumVisualStudioVersion = 10.0.40219.1
Project("{9A19103F-16F7-4668-BE54-9A1E7A4F7556}") = "ElementPlacement", "ElementPlacement.csproj", "{3ACC5C7E-7C7A-45B5-9C5B-E217AB2A0F1D}"
EndProject
Project("{9A19103F-16F7-4668-BE54-9A1E7A4F7556}") = "OriginalCircuit.AltiumSharp", "AltiumSharp\OriginalCircuit.AltiumSharp.csproj", "{7B0DC673-FC1D-4988-9126-2F9E5D988A23}"
EndProject
Global
	GlobalSection(SolutionConfigurationPlatforms) = preSolution
		Debug|Any CPU = Debug|Any CPU
		Release|Any CPU = Release|Any CPU
	EndGlobalSection
	GlobalSection(ProjectConfigurationPlatforms) = postSolution
		{3ACC5C7E-7C7A-45B5-9C5B-E217AB2A0F1D}.Debug|Any CPU.ActiveCfg = Debug|Any CPU
		{3ACC5C7E-7C7A-45B5-9C5B-E217AB2A0F1D}.Debug|Any CPU.Build.0 = Debug|Any CPU
		{3ACC5C7E-7C7A-45B5-9C5B-E217AB2A0F1D}.Release|Any CPU.ActiveCfg = Release|Any CPU
		{3ACC5C7E-7C7A-45B5-9C5B-E217AB2A0F1D}.Release|Any CPU.Build.0 = Release|Any CPU
		{7B0DC673-FC1D-4988-9126-2F9E5D988A23}.Debug|Any CPU.ActiveCfg = Debug|Any CPU
		{7B0DC673-FC1D-4988-9126-2F9E5D988A23}.Debug|Any CPU.Build.0 = Debug|Any CPU
		{7B0DC673-FC1D-4988-9126-2F9E5D988A23}.Release|Any CPU.ActiveCfg = Release|Any CPU
		{7B0DC673-FC1D-4988-9126-2F9E5D988A23}.Release|Any CPU.Build.0 = Release|Any CPU
	EndGlobalSection
	GlobalSection(SolutionProperties) = preSolution
		HideSolutionNode = FALSE
	EndGlobalSection
	GlobalSection(ExtensibilityGlobals) = postSolution
		SolutionGuid = {5BDCB0C6-9CF6-473E-817F-E878CA86BC98}
	EndGlobalSection
EndGlobal
